// !$*UTF8*$!
{
	archiveVersion = 1;
	classes = {
	};
	objectVersion = 56;
	objects = {

/* Begin PBXBuildFile section */
		7B1430072BA36A59000C6C8C /* UIColor + Extensions.swift in Sources */ = {isa = PBXBuildFile; fileRef = 7B1430062BA36A59000C6C8C /* UIColor + Extensions.swift */; };
		7B1430092BA36BFA000C6C8C /* SystemImage.swift in Sources */ = {isa = PBXBuildFile; fileRef = 7B1430082BA36BFA000C6C8C /* SystemImage.swift */; };
		7B14300B2BA3B7DD000C6C8C /* UIFont + Extensions.swift in Sources */ = {isa = PBXBuildFile; fileRef = 7B14300A2BA3B7DD000C6C8C /* UIFont + Extensions.swift */; };
		7B14300D2BA3C638000C6C8C /* AuthenticationPresenter.swift in Sources */ = {isa = PBXBuildFile; fileRef = 7B14300C2BA3C638000C6C8C /* AuthenticationPresenter.swift */; };
		7B14300F2BA3C645000C6C8C /* AuthenticationBuilder.swift in Sources */ = {isa = PBXBuildFile; fileRef = 7B14300E2BA3C645000C6C8C /* AuthenticationBuilder.swift */; };
		7B1430112BA3C842000C6C8C /* AuthenticationRouter.swift in Sources */ = {isa = PBXBuildFile; fileRef = 7B1430102BA3C842000C6C8C /* AuthenticationRouter.swift */; };
		7B1430132BA3C89E000C6C8C /* LoginPresenter.swift in Sources */ = {isa = PBXBuildFile; fileRef = 7B1430122BA3C89E000C6C8C /* LoginPresenter.swift */; };
		7B1430152BA3C8A9000C6C8C /* LoginBuilder.swift in Sources */ = {isa = PBXBuildFile; fileRef = 7B1430142BA3C8A9000C6C8C /* LoginBuilder.swift */; };
		7B1430172BA3C8B1000C6C8C /* LoginRouter.swift in Sources */ = {isa = PBXBuildFile; fileRef = 7B1430162BA3C8B1000C6C8C /* LoginRouter.swift */; };
		7B9C8B822BCA82E000391CE1 /* CatalogSection.swift in Sources */ = {isa = PBXBuildFile; fileRef = 7B9C8B812BCA82E000391CE1 /* CatalogSection.swift */; };
		7B9C8B842BCA88D600391CE1 /* CatalogPresenter.swift in Sources */ = {isa = PBXBuildFile; fileRef = 7B9C8B832BCA88D600391CE1 /* CatalogPresenter.swift */; };
		7B9C8B862BCA88EB00391CE1 /* CatalogBuilder.swift in Sources */ = {isa = PBXBuildFile; fileRef = 7B9C8B852BCA88EB00391CE1 /* CatalogBuilder.swift */; };
		7B9C8B882BCA88F300391CE1 /* CatalogRouter.swift in Sources */ = {isa = PBXBuildFile; fileRef = 7B9C8B872BCA88F300391CE1 /* CatalogRouter.swift */; };
		7BA0E0A52B9C5C0D0061744C /* AppDelegate.swift in Sources */ = {isa = PBXBuildFile; fileRef = 7BA0E0A42B9C5C0D0061744C /* AppDelegate.swift */; };
		7BA0E0A72B9C5C0D0061744C /* SceneDelegate.swift in Sources */ = {isa = PBXBuildFile; fileRef = 7BA0E0A62B9C5C0D0061744C /* SceneDelegate.swift */; };
		7BA0E0A92B9C5C0D0061744C /* LoginViewController.swift in Sources */ = {isa = PBXBuildFile; fileRef = 7BA0E0A82B9C5C0D0061744C /* LoginViewController.swift */; };
		7BA0E0AE2B9C5C0F0061744C /* Assets.xcassets in Resources */ = {isa = PBXBuildFile; fileRef = 7BA0E0AD2B9C5C0F0061744C /* Assets.xcassets */; };
		7BA0E0B12B9C5C0F0061744C /* LaunchScreen.storyboard in Resources */ = {isa = PBXBuildFile; fileRef = 7BA0E0AF2B9C5C0F0061744C /* LaunchScreen.storyboard */; };
		7BA0E0F42B9C6FFF0061744C /* AuthenticationViewController.swift in Sources */ = {isa = PBXBuildFile; fileRef = 7BA0E0F32B9C6FFF0061744C /* AuthenticationViewController.swift */; };
		7BA0E0F62B9E21400061744C /* InsetTextField.swift in Sources */ = {isa = PBXBuildFile; fileRef = 7BA0E0F52B9E21400061744C /* InsetTextField.swift */; };
		7BA0E0F82B9E2C630061744C /* OpenSans.ttf in Resources */ = {isa = PBXBuildFile; fileRef = 7BA0E0F72B9E2C620061744C /* OpenSans.ttf */; };
		7BA0E0FA2B9E2E750061744C /* Image.swift in Sources */ = {isa = PBXBuildFile; fileRef = 7BA0E0F92B9E2E750061744C /* Image.swift */; };
		7BA0E0FC2B9E33DA0061744C /* UIImage + Extensions.swift in Sources */ = {isa = PBXBuildFile; fileRef = 7BA0E0FB2B9E33DA0061744C /* UIImage + Extensions.swift */; };
		7BA0E0FE2B9E344A0061744C /* UIButton + Extensions.swift in Sources */ = {isa = PBXBuildFile; fileRef = 7BA0E0FD2B9E344A0061744C /* UIButton + Extensions.swift */; };
		7BA688B52BAF46A600F941EA /* FirebaseManager.swift in Sources */ = {isa = PBXBuildFile; fileRef = 7BA688B42BAF46A600F941EA /* FirebaseManager.swift */; };
		7BA688B82BAF48EF00F941EA /* RegisterUserRequest.swift in Sources */ = {isa = PBXBuildFile; fileRef = 7BA688B72BAF48EF00F941EA /* RegisterUserRequest.swift */; };
		7BA688BB2BAF5A2300F941EA /* LoginUserRequest.swift in Sources */ = {isa = PBXBuildFile; fileRef = 7BA688BA2BAF5A2300F941EA /* LoginUserRequest.swift */; };
		7BA688C02BB040FC00F941EA /* Authentication.swift in Sources */ = {isa = PBXBuildFile; fileRef = 7BA688BF2BB040FC00F941EA /* Authentication.swift */; };
		7BBB7EFD2BA77960000A66AA /* UIView + Extensions.swift in Sources */ = {isa = PBXBuildFile; fileRef = 7BBB7EFC2BA77960000A66AA /* UIView + Extensions.swift */; };
		7BBB7F032BA77C0A000A66AA /* SignUpViewController.swift in Sources */ = {isa = PBXBuildFile; fileRef = 7BBB7F002BA77C0A000A66AA /* SignUpViewController.swift */; };
		7BBB7F042BA77C0A000A66AA /* SignUpBuilder.swift in Sources */ = {isa = PBXBuildFile; fileRef = 7BBB7F012BA77C0A000A66AA /* SignUpBuilder.swift */; };
		7BBB7F052BA77C0A000A66AA /* SignUpPresenter.swift in Sources */ = {isa = PBXBuildFile; fileRef = 7BBB7EFF2BA77C0A000A66AA /* SignUpPresenter.swift */; };
		7BBB7F062BA77C0A000A66AA /* SignUpRouter.swift in Sources */ = {isa = PBXBuildFile; fileRef = 7BBB7F022BA77C0A000A66AA /* SignUpRouter.swift */; };
		7BDDE7022BAEE45000B073EF /* MainViewController.swift in Sources */ = {isa = PBXBuildFile; fileRef = 7BDDE7012BAEE45000B073EF /* MainViewController.swift */; };
		7BDDE7042BAEE4CF00B073EF /* MainPresenter.swift in Sources */ = {isa = PBXBuildFile; fileRef = 7BDDE7032BAEE4CF00B073EF /* MainPresenter.swift */; };
		7BDDE7062BAEE50F00B073EF /* MainBuilder.swift in Sources */ = {isa = PBXBuildFile; fileRef = 7BDDE7052BAEE50F00B073EF /* MainBuilder.swift */; };
		7BDDE7082BAEE53A00B073EF /* MainRouter.swift in Sources */ = {isa = PBXBuildFile; fileRef = 7BDDE7072BAEE53A00B073EF /* MainRouter.swift */; };
		7BDDE70B2BAF004700B073EF /* NetworkManager.swift in Sources */ = {isa = PBXBuildFile; fileRef = 7BDDE70A2BAF004700B073EF /* NetworkManager.swift */; };
		7BDDE7122BAF0A8E00B073EF /* EmailLinkViewController.swift in Sources */ = {isa = PBXBuildFile; fileRef = 7BDDE7112BAF0A8E00B073EF /* EmailLinkViewController.swift */; };
		7BDDE7152BAF0FB700B073EF /* ProfileViewController.swift in Sources */ = {isa = PBXBuildFile; fileRef = 7BDDE7142BAF0FB700B073EF /* ProfileViewController.swift */; };
		7BDDE7192BAF104600B073EF /* MapViewController.swift in Sources */ = {isa = PBXBuildFile; fileRef = 7BDDE7182BAF104600B073EF /* MapViewController.swift */; };
		7BDDE71C2BAF105A00B073EF /* CatalogViewController.swift in Sources */ = {isa = PBXBuildFile; fileRef = 7BDDE71B2BAF105A00B073EF /* CatalogViewController.swift */; };
		7BDDE71F2BAF13B300B073EF /* MainTabBarController.swift in Sources */ = {isa = PBXBuildFile; fileRef = 7BDDE71E2BAF13B300B073EF /* MainTabBarController.swift */; };
		849129F32BCA9E7500469E2C /* GoogleSignIn in Frameworks */ = {isa = PBXBuildFile; productRef = 849129F22BCA9E7500469E2C /* GoogleSignIn */; };
		849129F52BCA9E7500469E2C /* GoogleSignInSwift in Frameworks */ = {isa = PBXBuildFile; productRef = 849129F42BCA9E7500469E2C /* GoogleSignInSwift */; };
		849129F72BCA9F9700469E2C /* GoogleService-Info.plist in Resources */ = {isa = PBXBuildFile; fileRef = 849129F62BCA9F9700469E2C /* GoogleService-Info.plist */; };
		849C4C3B2BC2B2D300DC0F83 /* FirebaseAnalytics in Frameworks */ = {isa = PBXBuildFile; productRef = 849C4C3A2BC2B2D300DC0F83 /* FirebaseAnalytics */; };
		849C4C3D2BC2B2D300DC0F83 /* FirebaseAnalyticsOnDeviceConversion in Frameworks */ = {isa = PBXBuildFile; productRef = 849C4C3C2BC2B2D300DC0F83 /* FirebaseAnalyticsOnDeviceConversion */; };
		849C4C3F2BC2B2D300DC0F83 /* FirebaseAnalyticsSwift in Frameworks */ = {isa = PBXBuildFile; productRef = 849C4C3E2BC2B2D300DC0F83 /* FirebaseAnalyticsSwift */; };
		849C4C412BC2B2D300DC0F83 /* FirebaseAnalyticsWithoutAdIdSupport in Frameworks */ = {isa = PBXBuildFile; productRef = 849C4C402BC2B2D300DC0F83 /* FirebaseAnalyticsWithoutAdIdSupport */; };
		849C4C432BC2B2D300DC0F83 /* FirebaseAppCheck in Frameworks */ = {isa = PBXBuildFile; productRef = 849C4C422BC2B2D300DC0F83 /* FirebaseAppCheck */; };
		849C4C462BC2B3A100DC0F83 /* Alamofire in Frameworks */ = {isa = PBXBuildFile; productRef = 849C4C452BC2B3A100DC0F83 /* Alamofire */; };
		849C4C482BC2B3A100DC0F83 /* AlamofireDynamic in Frameworks */ = {isa = PBXBuildFile; productRef = 849C4C472BC2B3A100DC0F83 /* AlamofireDynamic */; };
		849C4C4B2BC2B41C00DC0F83 /* FirebaseAuth in Frameworks */ = {isa = PBXBuildFile; productRef = 849C4C4A2BC2B41C00DC0F83 /* FirebaseAuth */; };
		849C4C4D2BC2B42100DC0F83 /* FirebaseFirestore in Frameworks */ = {isa = PBXBuildFile; productRef = 849C4C4C2BC2B42100DC0F83 /* FirebaseFirestore */; };
/* End PBXBuildFile section */

/* Begin PBXFileReference section */
		7B1430062BA36A59000C6C8C /* UIColor + Extensions.swift */ = {isa = PBXFileReference; lastKnownFileType = sourcecode.swift; path = "UIColor + Extensions.swift"; sourceTree = "<group>"; };
		7B1430082BA36BFA000C6C8C /* SystemImage.swift */ = {isa = PBXFileReference; lastKnownFileType = sourcecode.swift; path = SystemImage.swift; sourceTree = "<group>"; };
		7B14300A2BA3B7DD000C6C8C /* UIFont + Extensions.swift */ = {isa = PBXFileReference; lastKnownFileType = sourcecode.swift; path = "UIFont + Extensions.swift"; sourceTree = "<group>"; };
		7B14300C2BA3C638000C6C8C /* AuthenticationPresenter.swift */ = {isa = PBXFileReference; lastKnownFileType = sourcecode.swift; path = AuthenticationPresenter.swift; sourceTree = "<group>"; };
		7B14300E2BA3C645000C6C8C /* AuthenticationBuilder.swift */ = {isa = PBXFileReference; lastKnownFileType = sourcecode.swift; path = AuthenticationBuilder.swift; sourceTree = "<group>"; };
		7B1430102BA3C842000C6C8C /* AuthenticationRouter.swift */ = {isa = PBXFileReference; lastKnownFileType = sourcecode.swift; path = AuthenticationRouter.swift; sourceTree = "<group>"; };
		7B1430122BA3C89E000C6C8C /* LoginPresenter.swift */ = {isa = PBXFileReference; lastKnownFileType = sourcecode.swift; path = LoginPresenter.swift; sourceTree = "<group>"; };
		7B1430142BA3C8A9000C6C8C /* LoginBuilder.swift */ = {isa = PBXFileReference; lastKnownFileType = sourcecode.swift; path = LoginBuilder.swift; sourceTree = "<group>"; };
		7B1430162BA3C8B1000C6C8C /* LoginRouter.swift */ = {isa = PBXFileReference; lastKnownFileType = sourcecode.swift; path = LoginRouter.swift; sourceTree = "<group>"; };
		7B9C8B812BCA82E000391CE1 /* CatalogSection.swift */ = {isa = PBXFileReference; lastKnownFileType = sourcecode.swift; path = CatalogSection.swift; sourceTree = "<group>"; };
		7B9C8B832BCA88D600391CE1 /* CatalogPresenter.swift */ = {isa = PBXFileReference; lastKnownFileType = sourcecode.swift; path = CatalogPresenter.swift; sourceTree = "<group>"; };
		7B9C8B852BCA88EB00391CE1 /* CatalogBuilder.swift */ = {isa = PBXFileReference; lastKnownFileType = sourcecode.swift; path = CatalogBuilder.swift; sourceTree = "<group>"; };
		7B9C8B872BCA88F300391CE1 /* CatalogRouter.swift */ = {isa = PBXFileReference; lastKnownFileType = sourcecode.swift; path = CatalogRouter.swift; sourceTree = "<group>"; };
		7BA0E0A12B9C5C0D0061744C /* Wine Helper.app */ = {isa = PBXFileReference; explicitFileType = wrapper.application; includeInIndex = 0; path = "Wine Helper.app"; sourceTree = BUILT_PRODUCTS_DIR; };
		7BA0E0A42B9C5C0D0061744C /* AppDelegate.swift */ = {isa = PBXFileReference; lastKnownFileType = sourcecode.swift; path = AppDelegate.swift; sourceTree = "<group>"; };
		7BA0E0A62B9C5C0D0061744C /* SceneDelegate.swift */ = {isa = PBXFileReference; lastKnownFileType = sourcecode.swift; path = SceneDelegate.swift; sourceTree = "<group>"; };
		7BA0E0A82B9C5C0D0061744C /* LoginViewController.swift */ = {isa = PBXFileReference; lastKnownFileType = sourcecode.swift; path = LoginViewController.swift; sourceTree = "<group>"; };
		7BA0E0AD2B9C5C0F0061744C /* Assets.xcassets */ = {isa = PBXFileReference; lastKnownFileType = folder.assetcatalog; path = Assets.xcassets; sourceTree = "<group>"; };
		7BA0E0B02B9C5C0F0061744C /* Base */ = {isa = PBXFileReference; lastKnownFileType = file.storyboard; name = Base; path = Base.lproj/LaunchScreen.storyboard; sourceTree = "<group>"; };
		7BA0E0B22B9C5C0F0061744C /* Info.plist */ = {isa = PBXFileReference; lastKnownFileType = text.plist.xml; path = Info.plist; sourceTree = "<group>"; };
		7BA0E0F32B9C6FFF0061744C /* AuthenticationViewController.swift */ = {isa = PBXFileReference; lastKnownFileType = sourcecode.swift; path = AuthenticationViewController.swift; sourceTree = "<group>"; };
		7BA0E0F52B9E21400061744C /* InsetTextField.swift */ = {isa = PBXFileReference; lastKnownFileType = sourcecode.swift; path = InsetTextField.swift; sourceTree = "<group>"; };
		7BA0E0F72B9E2C620061744C /* OpenSans.ttf */ = {isa = PBXFileReference; lastKnownFileType = file; path = OpenSans.ttf; sourceTree = "<group>"; };
		7BA0E0F92B9E2E750061744C /* Image.swift */ = {isa = PBXFileReference; lastKnownFileType = sourcecode.swift; path = Image.swift; sourceTree = "<group>"; };
		7BA0E0FB2B9E33DA0061744C /* UIImage + Extensions.swift */ = {isa = PBXFileReference; lastKnownFileType = sourcecode.swift; path = "UIImage + Extensions.swift"; sourceTree = "<group>"; };
		7BA0E0FD2B9E344A0061744C /* UIButton + Extensions.swift */ = {isa = PBXFileReference; lastKnownFileType = sourcecode.swift; path = "UIButton + Extensions.swift"; sourceTree = "<group>"; };
		7BA688B42BAF46A600F941EA /* FirebaseManager.swift */ = {isa = PBXFileReference; lastKnownFileType = sourcecode.swift; path = FirebaseManager.swift; sourceTree = "<group>"; };
		7BA688B72BAF48EF00F941EA /* RegisterUserRequest.swift */ = {isa = PBXFileReference; lastKnownFileType = sourcecode.swift; path = RegisterUserRequest.swift; sourceTree = "<group>"; };
		7BA688BA2BAF5A2300F941EA /* LoginUserRequest.swift */ = {isa = PBXFileReference; lastKnownFileType = sourcecode.swift; path = LoginUserRequest.swift; sourceTree = "<group>"; };
		7BA688BF2BB040FC00F941EA /* Authentication.swift */ = {isa = PBXFileReference; lastKnownFileType = sourcecode.swift; path = Authentication.swift; sourceTree = "<group>"; };
		7BBB7EFC2BA77960000A66AA /* UIView + Extensions.swift */ = {isa = PBXFileReference; lastKnownFileType = sourcecode.swift; path = "UIView + Extensions.swift"; sourceTree = "<group>"; };
		7BBB7EFF2BA77C0A000A66AA /* SignUpPresenter.swift */ = {isa = PBXFileReference; lastKnownFileType = sourcecode.swift; path = SignUpPresenter.swift; sourceTree = "<group>"; };
		7BBB7F002BA77C0A000A66AA /* SignUpViewController.swift */ = {isa = PBXFileReference; lastKnownFileType = sourcecode.swift; path = SignUpViewController.swift; sourceTree = "<group>"; };
		7BBB7F012BA77C0A000A66AA /* SignUpBuilder.swift */ = {isa = PBXFileReference; lastKnownFileType = sourcecode.swift; path = SignUpBuilder.swift; sourceTree = "<group>"; };
		7BBB7F022BA77C0A000A66AA /* SignUpRouter.swift */ = {isa = PBXFileReference; lastKnownFileType = sourcecode.swift; path = SignUpRouter.swift; sourceTree = "<group>"; };
		7BDDE7012BAEE45000B073EF /* MainViewController.swift */ = {isa = PBXFileReference; lastKnownFileType = sourcecode.swift; path = MainViewController.swift; sourceTree = "<group>"; };
		7BDDE7032BAEE4CF00B073EF /* MainPresenter.swift */ = {isa = PBXFileReference; lastKnownFileType = sourcecode.swift; path = MainPresenter.swift; sourceTree = "<group>"; };
		7BDDE7052BAEE50F00B073EF /* MainBuilder.swift */ = {isa = PBXFileReference; lastKnownFileType = sourcecode.swift; path = MainBuilder.swift; sourceTree = "<group>"; };
		7BDDE7072BAEE53A00B073EF /* MainRouter.swift */ = {isa = PBXFileReference; lastKnownFileType = sourcecode.swift; path = MainRouter.swift; sourceTree = "<group>"; };
		7BDDE70A2BAF004700B073EF /* NetworkManager.swift */ = {isa = PBXFileReference; lastKnownFileType = sourcecode.swift; path = NetworkManager.swift; sourceTree = "<group>"; };
		7BDDE7112BAF0A8E00B073EF /* EmailLinkViewController.swift */ = {isa = PBXFileReference; lastKnownFileType = sourcecode.swift; path = EmailLinkViewController.swift; sourceTree = "<group>"; };
		7BDDE7142BAF0FB700B073EF /* ProfileViewController.swift */ = {isa = PBXFileReference; lastKnownFileType = sourcecode.swift; path = ProfileViewController.swift; sourceTree = "<group>"; };
		7BDDE7182BAF104600B073EF /* MapViewController.swift */ = {isa = PBXFileReference; lastKnownFileType = sourcecode.swift; path = MapViewController.swift; sourceTree = "<group>"; };
		7BDDE71B2BAF105A00B073EF /* CatalogViewController.swift */ = {isa = PBXFileReference; lastKnownFileType = sourcecode.swift; path = CatalogViewController.swift; sourceTree = "<group>"; };
		7BDDE71E2BAF13B300B073EF /* MainTabBarController.swift */ = {isa = PBXFileReference; lastKnownFileType = sourcecode.swift; path = MainTabBarController.swift; sourceTree = "<group>"; };
		849129F62BCA9F9700469E2C /* GoogleService-Info.plist */ = {isa = PBXFileReference; fileEncoding = 4; lastKnownFileType = text.plist.xml; path = "GoogleService-Info.plist"; sourceTree = "<group>"; };
		849129F82BCAB33700469E2C /* Wine Helper.entitlements */ = {isa = PBXFileReference; lastKnownFileType = text.plist.entitlements; path = "Wine Helper.entitlements"; sourceTree = "<group>"; };
/* End PBXFileReference section */

/* Begin PBXFrameworksBuildPhase section */
		7BA0E09E2B9C5C0D0061744C /* Frameworks */ = {
			isa = PBXFrameworksBuildPhase;
			buildActionMask = 2147483647;
			files = (
				849C4C3F2BC2B2D300DC0F83 /* FirebaseAnalyticsSwift in Frameworks */,
				849C4C3B2BC2B2D300DC0F83 /* FirebaseAnalytics in Frameworks */,
				849129F32BCA9E7500469E2C /* GoogleSignIn in Frameworks */,
				849129F52BCA9E7500469E2C /* GoogleSignInSwift in Frameworks */,
				849C4C3D2BC2B2D300DC0F83 /* FirebaseAnalyticsOnDeviceConversion in Frameworks */,
				849C4C462BC2B3A100DC0F83 /* Alamofire in Frameworks */,
				849C4C482BC2B3A100DC0F83 /* AlamofireDynamic in Frameworks */,
				849C4C4D2BC2B42100DC0F83 /* FirebaseFirestore in Frameworks */,
				849C4C432BC2B2D300DC0F83 /* FirebaseAppCheck in Frameworks */,
				849C4C412BC2B2D300DC0F83 /* FirebaseAnalyticsWithoutAdIdSupport in Frameworks */,
				7B9C8B8B2BCA994E00391CE1 /* YandexMapsMobile in Frameworks */,
				849C4C4B2BC2B41C00DC0F83 /* FirebaseAuth in Frameworks */,
			);
			runOnlyForDeploymentPostprocessing = 0;
		};
/* End PBXFrameworksBuildPhase section */

/* Begin PBXGroup section */
		7B1430052BA36532000C6C8C /* LoginViewController */ = {
			isa = PBXGroup;
			children = (
				7BA0E0A82B9C5C0D0061744C /* LoginViewController.swift */,
				7B1430122BA3C89E000C6C8C /* LoginPresenter.swift */,
				7B1430142BA3C8A9000C6C8C /* LoginBuilder.swift */,
				7B1430162BA3C8B1000C6C8C /* LoginRouter.swift */,
			);
			path = LoginViewController;
			sourceTree = "<group>";
		};
		7BA0E0982B9C5C0D0061744C = {
			isa = PBXGroup;
			children = (
				7BA0E0A32B9C5C0D0061744C /* Wine Helper */,
				7BA0E0A22B9C5C0D0061744C /* Products */,
				849C4C492BC2B41C00DC0F83 /* Frameworks */,
			);
			sourceTree = "<group>";
		};
		7BA0E0A22B9C5C0D0061744C /* Products */ = {
			isa = PBXGroup;
			children = (
				7BA0E0A12B9C5C0D0061744C /* Wine Helper.app */,
			);
			name = Products;
			sourceTree = "<group>";
		};
		7BA0E0A32B9C5C0D0061744C /* Wine Helper */ = {
			isa = PBXGroup;
			children = (
				849129F82BCAB33700469E2C /* Wine Helper.entitlements */,
				7BA0E1022B9E37B50061744C /* Enums */,
				7BA0E1012B9E37A70061744C /* CustomComponents */,
				7BA0E0FF2B9E37840061744C /* Extensions */,
				7BA0E1032B9E37C80061744C /* OnboardingAuthentication */,
				7BDDE7092BAEE57000B073EF /* OnboardingSupport */,
				7BDDE7162BAF0FBF00B073EF /* MainControllers */,
				7BDDE71E2BAF13B300B073EF /* MainTabBarController.swift */,
				7BA688BC2BAF606D00F941EA /* Resources */,
				7BA0E1052B9E37F10061744C /* Fonts */,
				7BA688B62BAF48C600F941EA /* Managers */,
			);
			path = "Wine Helper";
			sourceTree = "<group>";
		};
		7BA0E0FF2B9E37840061744C /* Extensions */ = {
			isa = PBXGroup;
			children = (
				7BA0E0FB2B9E33DA0061744C /* UIImage + Extensions.swift */,
				7BA0E0FD2B9E344A0061744C /* UIButton + Extensions.swift */,
				7B1430062BA36A59000C6C8C /* UIColor + Extensions.swift */,
				7B14300A2BA3B7DD000C6C8C /* UIFont + Extensions.swift */,
				7BBB7EFC2BA77960000A66AA /* UIView + Extensions.swift */,
			);
			path = Extensions;
			sourceTree = "<group>";
		};
		7BA0E1012B9E37A70061744C /* CustomComponents */ = {
			isa = PBXGroup;
			children = (
				7BA0E0F52B9E21400061744C /* InsetTextField.swift */,
				7B9C8B812BCA82E000391CE1 /* CatalogSection.swift */,
			);
			path = CustomComponents;
			sourceTree = "<group>";
		};
		7BA0E1022B9E37B50061744C /* Enums */ = {
			isa = PBXGroup;
			children = (
				7BA0E0F92B9E2E750061744C /* Image.swift */,
				7B1430082BA36BFA000C6C8C /* SystemImage.swift */,
			);
			path = Enums;
			sourceTree = "<group>";
		};
		7BA0E1032B9E37C80061744C /* OnboardingAuthentication */ = {
			isa = PBXGroup;
			children = (
				7BA688BF2BB040FC00F941EA /* Authentication.swift */,
				7BA688B92BAF51C800F941EA /* Models */,
				7BA0E1042B9E37DB0061744C /* AuthenticationViewController */,
			);
			path = OnboardingAuthentication;
			sourceTree = "<group>";
		};
		7BA0E1042B9E37DB0061744C /* AuthenticationViewController */ = {
			isa = PBXGroup;
			children = (
				7BA0E0F32B9C6FFF0061744C /* AuthenticationViewController.swift */,
				7B14300C2BA3C638000C6C8C /* AuthenticationPresenter.swift */,
				7B14300E2BA3C645000C6C8C /* AuthenticationBuilder.swift */,
				7B1430102BA3C842000C6C8C /* AuthenticationRouter.swift */,
				7B1430052BA36532000C6C8C /* LoginViewController */,
				7BBB7EFE2BA77C0A000A66AA /* SignUpViewController */,
			);
			path = AuthenticationViewController;
			sourceTree = "<group>";
		};
		7BA0E1052B9E37F10061744C /* Fonts */ = {
			isa = PBXGroup;
			children = (
				7BA0E0F72B9E2C620061744C /* OpenSans.ttf */,
			);
			path = Fonts;
			sourceTree = "<group>";
		};
		7BA0E1072B9E38970061744C /* Plists */ = {
			isa = PBXGroup;
			children = (
				849129F62BCA9F9700469E2C /* GoogleService-Info.plist */,
				7BA0E0B22B9C5C0F0061744C /* Info.plist */,
			);
			name = Plists;
			sourceTree = "<group>";
		};
		7BA688B62BAF48C600F941EA /* Managers */ = {
			isa = PBXGroup;
			children = (
				7BDDE70A2BAF004700B073EF /* NetworkManager.swift */,
				7BA688B42BAF46A600F941EA /* FirebaseManager.swift */,
			);
			path = Managers;
			sourceTree = "<group>";
		};
		7BA688B92BAF51C800F941EA /* Models */ = {
			isa = PBXGroup;
			children = (
				7BA688B72BAF48EF00F941EA /* RegisterUserRequest.swift */,
				7BA688BA2BAF5A2300F941EA /* LoginUserRequest.swift */,
			);
			path = Models;
			sourceTree = "<group>";
		};
		7BA688BC2BAF606D00F941EA /* Resources */ = {
			isa = PBXGroup;
			children = (
				7BA0E0A42B9C5C0D0061744C /* AppDelegate.swift */,
				7BA0E0A62B9C5C0D0061744C /* SceneDelegate.swift */,
				7BA0E0AD2B9C5C0F0061744C /* Assets.xcassets */,
				7BA0E0AF2B9C5C0F0061744C /* LaunchScreen.storyboard */,
				7BA0E1072B9E38970061744C /* Plists */,
			);
			name = Resources;
			sourceTree = "<group>";
		};
		7BBB7EFE2BA77C0A000A66AA /* SignUpViewController */ = {
			isa = PBXGroup;
			children = (
				7BBB7F002BA77C0A000A66AA /* SignUpViewController.swift */,
				7BBB7EFF2BA77C0A000A66AA /* SignUpPresenter.swift */,
				7BBB7F012BA77C0A000A66AA /* SignUpBuilder.swift */,
				7BBB7F022BA77C0A000A66AA /* SignUpRouter.swift */,
				7BDDE7132BAF0AA200B073EF /* EmailLinkViewController */,
			);
			path = SignUpViewController;
			sourceTree = "<group>";
		};
		7BDDE7092BAEE57000B073EF /* OnboardingSupport */ = {
			isa = PBXGroup;
			children = (
				7BDDE7012BAEE45000B073EF /* MainViewController.swift */,
				7BDDE7032BAEE4CF00B073EF /* MainPresenter.swift */,
				7BDDE7052BAEE50F00B073EF /* MainBuilder.swift */,
				7BDDE7072BAEE53A00B073EF /* MainRouter.swift */,
			);
			path = OnboardingSupport;
			sourceTree = "<group>";
		};
		7BDDE7132BAF0AA200B073EF /* EmailLinkViewController */ = {
			isa = PBXGroup;
			children = (
				7BDDE7112BAF0A8E00B073EF /* EmailLinkViewController.swift */,
			);
			path = EmailLinkViewController;
			sourceTree = "<group>";
		};
		7BDDE7162BAF0FBF00B073EF /* MainControllers */ = {
			isa = PBXGroup;
			children = (
				7BDDE71A2BAF104900B073EF /* MapViewController */,
				7BDDE71D2BAF105F00B073EF /* CatalogViewController */,
				7BDDE7172BAF0FC900B073EF /* ProfileViewController */,
			);
			path = MainControllers;
			sourceTree = "<group>";
		};
		7BDDE7172BAF0FC900B073EF /* ProfileViewController */ = {
			isa = PBXGroup;
			children = (
				7BDDE7142BAF0FB700B073EF /* ProfileViewController.swift */,
			);
			path = ProfileViewController;
			sourceTree = "<group>";
		};
		7BDDE71A2BAF104900B073EF /* MapViewController */ = {
			isa = PBXGroup;
			children = (
				7BDDE7182BAF104600B073EF /* MapViewController.swift */,
			);
			path = MapViewController;
			sourceTree = "<group>";
		};
		7BDDE71D2BAF105F00B073EF /* CatalogViewController */ = {
			isa = PBXGroup;
			children = (
				7BDDE71B2BAF105A00B073EF /* CatalogViewController.swift */,
				7B9C8B832BCA88D600391CE1 /* CatalogPresenter.swift */,
				7B9C8B852BCA88EB00391CE1 /* CatalogBuilder.swift */,
				7B9C8B872BCA88F300391CE1 /* CatalogRouter.swift */,
			);
			path = CatalogViewController;
			sourceTree = "<group>";
		};
		849C4C492BC2B41C00DC0F83 /* Frameworks */ = {
			isa = PBXGroup;
			children = (
			);
			name = Frameworks;
			sourceTree = "<group>";
		};
/* End PBXGroup section */

/* Begin PBXNativeTarget section */
		7BA0E0A02B9C5C0D0061744C /* Wine Helper */ = {
			isa = PBXNativeTarget;
			buildConfigurationList = 7BA0E0B52B9C5C0F0061744C /* Build configuration list for PBXNativeTarget "Wine Helper" */;
			buildPhases = (
				7BA0E09D2B9C5C0D0061744C /* Sources */,
				7BA0E09E2B9C5C0D0061744C /* Frameworks */,
				7BA0E09F2B9C5C0D0061744C /* Resources */,
			);
			buildRules = (
			);
			dependencies = (
			);
			name = "Wine Helper";
			packageProductDependencies = (
				849C4C3A2BC2B2D300DC0F83 /* FirebaseAnalytics */,
				849C4C3C2BC2B2D300DC0F83 /* FirebaseAnalyticsOnDeviceConversion */,
				849C4C3E2BC2B2D300DC0F83 /* FirebaseAnalyticsSwift */,
				849C4C402BC2B2D300DC0F83 /* FirebaseAnalyticsWithoutAdIdSupport */,
				849C4C422BC2B2D300DC0F83 /* FirebaseAppCheck */,
				849C4C452BC2B3A100DC0F83 /* Alamofire */,
				849C4C472BC2B3A100DC0F83 /* AlamofireDynamic */,
				849C4C4A2BC2B41C00DC0F83 /* FirebaseAuth */,
				849C4C4C2BC2B42100DC0F83 /* FirebaseFirestore */,
				7B9C8B8A2BCA994E00391CE1 /* YandexMapsMobile */,
				849129F22BCA9E7500469E2C /* GoogleSignIn */,
				849129F42BCA9E7500469E2C /* GoogleSignInSwift */,
			);
			productName = "Wine Helper";
			productReference = 7BA0E0A12B9C5C0D0061744C /* Wine Helper.app */;
			productType = "com.apple.product-type.application";
		};
/* End PBXNativeTarget section */

/* Begin PBXProject section */
		7BA0E0992B9C5C0D0061744C /* Project object */ = {
			isa = PBXProject;
			attributes = {
				BuildIndependentTargetsInParallel = 1;
				LastSwiftUpdateCheck = 1520;
				LastUpgradeCheck = 1520;
				TargetAttributes = {
					7BA0E0A02B9C5C0D0061744C = {
						CreatedOnToolsVersion = 15.2;
					};
				};
			};
			buildConfigurationList = 7BA0E09C2B9C5C0D0061744C /* Build configuration list for PBXProject "Wine Helper" */;
			compatibilityVersion = "Xcode 14.0";
			developmentRegion = en;
			hasScannedForEncodings = 0;
			knownRegions = (
				en,
				Base,
			);
			mainGroup = 7BA0E0982B9C5C0D0061744C;
			packageReferences = (
				849C4C392BC2B2D300DC0F83 /* XCRemoteSwiftPackageReference "firebase-ios-sdk" */,
				849C4C442BC2B3A100DC0F83 /* XCRemoteSwiftPackageReference "Alamofire" */,
				7B9C8B892BCA994E00391CE1 /* XCRemoteSwiftPackageReference "YandexMapsMobile" */,
				849129F12BCA9E7500469E2C /* XCRemoteSwiftPackageReference "GoogleSignIn-iOS" */,
			);
			productRefGroup = 7BA0E0A22B9C5C0D0061744C /* Products */;
			projectDirPath = "";
			projectRoot = "";
			targets = (
				7BA0E0A02B9C5C0D0061744C /* Wine Helper */,
			);
		};
/* End PBXProject section */

/* Begin PBXResourcesBuildPhase section */
		7BA0E09F2B9C5C0D0061744C /* Resources */ = {
			isa = PBXResourcesBuildPhase;
			buildActionMask = 2147483647;
			files = (
				7BA0E0B12B9C5C0F0061744C /* LaunchScreen.storyboard in Resources */,
				849129F72BCA9F9700469E2C /* GoogleService-Info.plist in Resources */,
				7BA0E0AE2B9C5C0F0061744C /* Assets.xcassets in Resources */,
				7BA0E0F82B9E2C630061744C /* OpenSans.ttf in Resources */,
			);
			runOnlyForDeploymentPostprocessing = 0;
		};
/* End PBXResourcesBuildPhase section */

/* Begin PBXSourcesBuildPhase section */
		7BA0E09D2B9C5C0D0061744C /* Sources */ = {
			isa = PBXSourcesBuildPhase;
			buildActionMask = 2147483647;
			files = (
				7BDDE70B2BAF004700B073EF /* NetworkManager.swift in Sources */,
				7BA0E0A92B9C5C0D0061744C /* LoginViewController.swift in Sources */,
				7BDDE7022BAEE45000B073EF /* MainViewController.swift in Sources */,
				7BA688B82BAF48EF00F941EA /* RegisterUserRequest.swift in Sources */,
				7BA0E0FA2B9E2E750061744C /* Image.swift in Sources */,
				7BA0E0FC2B9E33DA0061744C /* UIImage + Extensions.swift in Sources */,
				7BA0E0FE2B9E344A0061744C /* UIButton + Extensions.swift in Sources */,
				7BDDE7082BAEE53A00B073EF /* MainRouter.swift in Sources */,
				7BBB7F032BA77C0A000A66AA /* SignUpViewController.swift in Sources */,
				7BA0E0F62B9E21400061744C /* InsetTextField.swift in Sources */,
				7B14300B2BA3B7DD000C6C8C /* UIFont + Extensions.swift in Sources */,
				7BA688BB2BAF5A2300F941EA /* LoginUserRequest.swift in Sources */,
				7BDDE71F2BAF13B300B073EF /* MainTabBarController.swift in Sources */,
				7B1430172BA3C8B1000C6C8C /* LoginRouter.swift in Sources */,
				7BBB7F062BA77C0A000A66AA /* SignUpRouter.swift in Sources */,
				7B9C8B822BCA82E000391CE1 /* CatalogSection.swift in Sources */,
				7BA0E0F42B9C6FFF0061744C /* AuthenticationViewController.swift in Sources */,
				7BDDE7192BAF104600B073EF /* MapViewController.swift in Sources */,
				7BA688B52BAF46A600F941EA /* FirebaseManager.swift in Sources */,
				7BDDE7152BAF0FB700B073EF /* ProfileViewController.swift in Sources */,
				7BBB7F052BA77C0A000A66AA /* SignUpPresenter.swift in Sources */,
				7B1430072BA36A59000C6C8C /* UIColor + Extensions.swift in Sources */,
				7B1430112BA3C842000C6C8C /* AuthenticationRouter.swift in Sources */,
				7B1430132BA3C89E000C6C8C /* LoginPresenter.swift in Sources */,
				7B14300D2BA3C638000C6C8C /* AuthenticationPresenter.swift in Sources */,
				7BA0E0A52B9C5C0D0061744C /* AppDelegate.swift in Sources */,
				7B9C8B882BCA88F300391CE1 /* CatalogRouter.swift in Sources */,
				7B9C8B862BCA88EB00391CE1 /* CatalogBuilder.swift in Sources */,
				7B1430092BA36BFA000C6C8C /* SystemImage.swift in Sources */,
				7B1430152BA3C8A9000C6C8C /* LoginBuilder.swift in Sources */,
				7B9C8B842BCA88D600391CE1 /* CatalogPresenter.swift in Sources */,
				7BDDE7122BAF0A8E00B073EF /* EmailLinkViewController.swift in Sources */,
				7BDDE7062BAEE50F00B073EF /* MainBuilder.swift in Sources */,
				7BDDE7042BAEE4CF00B073EF /* MainPresenter.swift in Sources */,
				7BA0E0A72B9C5C0D0061744C /* SceneDelegate.swift in Sources */,
				7BDDE71C2BAF105A00B073EF /* CatalogViewController.swift in Sources */,
				7BBB7F042BA77C0A000A66AA /* SignUpBuilder.swift in Sources */,
				7BBB7EFD2BA77960000A66AA /* UIView + Extensions.swift in Sources */,
				7B14300F2BA3C645000C6C8C /* AuthenticationBuilder.swift in Sources */,
				7BA688C02BB040FC00F941EA /* Authentication.swift in Sources */,
			);
			runOnlyForDeploymentPostprocessing = 0;
		};
/* End PBXSourcesBuildPhase section */

/* Begin PBXVariantGroup section */
		7BA0E0AF2B9C5C0F0061744C /* LaunchScreen.storyboard */ = {
			isa = PBXVariantGroup;
			children = (
				7BA0E0B02B9C5C0F0061744C /* Base */,
			);
			name = LaunchScreen.storyboard;
			sourceTree = "<group>";
		};
/* End PBXVariantGroup section */

/* Begin XCBuildConfiguration section */
		7BA0E0B32B9C5C0F0061744C /* Debug */ = {
			isa = XCBuildConfiguration;
			buildSettings = {
				ALWAYS_SEARCH_USER_PATHS = NO;
				ASSETCATALOG_COMPILER_GENERATE_SWIFT_ASSET_SYMBOL_EXTENSIONS = YES;
				CLANG_ANALYZER_NONNULL = YES;
				CLANG_ANALYZER_NUMBER_OBJECT_CONVERSION = YES_AGGRESSIVE;
				CLANG_CXX_LANGUAGE_STANDARD = "gnu++20";
				CLANG_ENABLE_MODULES = YES;
				CLANG_ENABLE_OBJC_ARC = YES;
				CLANG_ENABLE_OBJC_WEAK = YES;
				CLANG_WARN_BLOCK_CAPTURE_AUTORELEASING = YES;
				CLANG_WARN_BOOL_CONVERSION = YES;
				CLANG_WARN_COMMA = YES;
				CLANG_WARN_CONSTANT_CONVERSION = YES;
				CLANG_WARN_DEPRECATED_OBJC_IMPLEMENTATIONS = YES;
				CLANG_WARN_DIRECT_OBJC_ISA_USAGE = YES_ERROR;
				CLANG_WARN_DOCUMENTATION_COMMENTS = YES;
				CLANG_WARN_EMPTY_BODY = YES;
				CLANG_WARN_ENUM_CONVERSION = YES;
				CLANG_WARN_INFINITE_RECURSION = YES;
				CLANG_WARN_INT_CONVERSION = YES;
				CLANG_WARN_NON_LITERAL_NULL_CONVERSION = YES;
				CLANG_WARN_OBJC_IMPLICIT_RETAIN_SELF = YES;
				CLANG_WARN_OBJC_LITERAL_CONVERSION = YES;
				CLANG_WARN_OBJC_ROOT_CLASS = YES_ERROR;
				CLANG_WARN_QUOTED_INCLUDE_IN_FRAMEWORK_HEADER = YES;
				CLANG_WARN_RANGE_LOOP_ANALYSIS = YES;
				CLANG_WARN_STRICT_PROTOTYPES = YES;
				CLANG_WARN_SUSPICIOUS_MOVE = YES;
				CLANG_WARN_UNGUARDED_AVAILABILITY = YES_AGGRESSIVE;
				CLANG_WARN_UNREACHABLE_CODE = YES;
				CLANG_WARN__DUPLICATE_METHOD_MATCH = YES;
				COPY_PHASE_STRIP = NO;
				DEBUG_INFORMATION_FORMAT = dwarf;
				ENABLE_STRICT_OBJC_MSGSEND = YES;
				ENABLE_TESTABILITY = YES;
				ENABLE_USER_SCRIPT_SANDBOXING = YES;
				GCC_C_LANGUAGE_STANDARD = gnu17;
				GCC_DYNAMIC_NO_PIC = NO;
				GCC_NO_COMMON_BLOCKS = YES;
				GCC_OPTIMIZATION_LEVEL = 0;
				GCC_PREPROCESSOR_DEFINITIONS = (
					"DEBUG=1",
					"$(inherited)",
				);
				GCC_WARN_64_TO_32_BIT_CONVERSION = YES;
				GCC_WARN_ABOUT_RETURN_TYPE = YES_ERROR;
				GCC_WARN_UNDECLARED_SELECTOR = YES;
				GCC_WARN_UNINITIALIZED_AUTOS = YES_AGGRESSIVE;
				GCC_WARN_UNUSED_FUNCTION = YES;
				GCC_WARN_UNUSED_VARIABLE = YES;
				IPHONEOS_DEPLOYMENT_TARGET = 17.2;
				LOCALIZATION_PREFERS_STRING_CATALOGS = YES;
				MTL_ENABLE_DEBUG_INFO = INCLUDE_SOURCE;
				MTL_FAST_MATH = YES;
				ONLY_ACTIVE_ARCH = YES;
				SDKROOT = iphoneos;
				SWIFT_ACTIVE_COMPILATION_CONDITIONS = "DEBUG $(inherited)";
				SWIFT_OPTIMIZATION_LEVEL = "-Onone";
			};
			name = Debug;
		};
		7BA0E0B42B9C5C0F0061744C /* Release */ = {
			isa = XCBuildConfiguration;
			buildSettings = {
				ALWAYS_SEARCH_USER_PATHS = NO;
				ASSETCATALOG_COMPILER_GENERATE_SWIFT_ASSET_SYMBOL_EXTENSIONS = YES;
				CLANG_ANALYZER_NONNULL = YES;
				CLANG_ANALYZER_NUMBER_OBJECT_CONVERSION = YES_AGGRESSIVE;
				CLANG_CXX_LANGUAGE_STANDARD = "gnu++20";
				CLANG_ENABLE_MODULES = YES;
				CLANG_ENABLE_OBJC_ARC = YES;
				CLANG_ENABLE_OBJC_WEAK = YES;
				CLANG_WARN_BLOCK_CAPTURE_AUTORELEASING = YES;
				CLANG_WARN_BOOL_CONVERSION = YES;
				CLANG_WARN_COMMA = YES;
				CLANG_WARN_CONSTANT_CONVERSION = YES;
				CLANG_WARN_DEPRECATED_OBJC_IMPLEMENTATIONS = YES;
				CLANG_WARN_DIRECT_OBJC_ISA_USAGE = YES_ERROR;
				CLANG_WARN_DOCUMENTATION_COMMENTS = YES;
				CLANG_WARN_EMPTY_BODY = YES;
				CLANG_WARN_ENUM_CONVERSION = YES;
				CLANG_WARN_INFINITE_RECURSION = YES;
				CLANG_WARN_INT_CONVERSION = YES;
				CLANG_WARN_NON_LITERAL_NULL_CONVERSION = YES;
				CLANG_WARN_OBJC_IMPLICIT_RETAIN_SELF = YES;
				CLANG_WARN_OBJC_LITERAL_CONVERSION = YES;
				CLANG_WARN_OBJC_ROOT_CLASS = YES_ERROR;
				CLANG_WARN_QUOTED_INCLUDE_IN_FRAMEWORK_HEADER = YES;
				CLANG_WARN_RANGE_LOOP_ANALYSIS = YES;
				CLANG_WARN_STRICT_PROTOTYPES = YES;
				CLANG_WARN_SUSPICIOUS_MOVE = YES;
				CLANG_WARN_UNGUARDED_AVAILABILITY = YES_AGGRESSIVE;
				CLANG_WARN_UNREACHABLE_CODE = YES;
				CLANG_WARN__DUPLICATE_METHOD_MATCH = YES;
				COPY_PHASE_STRIP = NO;
				DEBUG_INFORMATION_FORMAT = "dwarf-with-dsym";
				ENABLE_NS_ASSERTIONS = NO;
				ENABLE_STRICT_OBJC_MSGSEND = YES;
				ENABLE_USER_SCRIPT_SANDBOXING = YES;
				GCC_C_LANGUAGE_STANDARD = gnu17;
				GCC_NO_COMMON_BLOCKS = YES;
				GCC_WARN_64_TO_32_BIT_CONVERSION = YES;
				GCC_WARN_ABOUT_RETURN_TYPE = YES_ERROR;
				GCC_WARN_UNDECLARED_SELECTOR = YES;
				GCC_WARN_UNINITIALIZED_AUTOS = YES_AGGRESSIVE;
				GCC_WARN_UNUSED_FUNCTION = YES;
				GCC_WARN_UNUSED_VARIABLE = YES;
				IPHONEOS_DEPLOYMENT_TARGET = 17.2;
				LOCALIZATION_PREFERS_STRING_CATALOGS = YES;
				MTL_ENABLE_DEBUG_INFO = NO;
				MTL_FAST_MATH = YES;
				SDKROOT = iphoneos;
				SWIFT_COMPILATION_MODE = wholemodule;
				VALIDATE_PRODUCT = YES;
			};
			name = Release;
		};
		7BA0E0B62B9C5C0F0061744C /* Debug */ = {
			isa = XCBuildConfiguration;
			buildSettings = {
				ASSETCATALOG_COMPILER_APPICON_NAME = AppIcon;
				ASSETCATALOG_COMPILER_GLOBAL_ACCENT_COLOR_NAME = AccentColor;
				CODE_SIGN_ENTITLEMENTS = "Wine Helper/Wine Helper.entitlements";
				CODE_SIGN_STYLE = Automatic;
				CURRENT_PROJECT_VERSION = 1;
				DEVELOPMENT_TEAM = SDD6GS4SZP;
				GENERATE_INFOPLIST_FILE = YES;
				INFOPLIST_FILE = "Wine Helper/Info.plist";
				INFOPLIST_KEY_UIApplicationSupportsIndirectInputEvents = YES;
				INFOPLIST_KEY_UILaunchStoryboardName = LaunchScreen;
				INFOPLIST_KEY_UISupportedInterfaceOrientations_iPad = "UIInterfaceOrientationPortrait UIInterfaceOrientationPortraitUpsideDown UIInterfaceOrientationLandscapeLeft UIInterfaceOrientationLandscapeRight";
				INFOPLIST_KEY_UISupportedInterfaceOrientations_iPhone = "UIInterfaceOrientationPortrait UIInterfaceOrientationLandscapeLeft UIInterfaceOrientationLandscapeRight";
				IPHONEOS_DEPLOYMENT_TARGET = 15.0;
				LD_RUNPATH_SEARCH_PATHS = (
					"$(inherited)",
					"@executable_path/Frameworks",
				);
				MARKETING_VERSION = 1.0;
				PRODUCT_BUNDLE_IDENTIFIER = "iseedeadpeopleq.Wine-Helper";
				PRODUCT_NAME = "$(TARGET_NAME)";
				SWIFT_EMIT_LOC_STRINGS = YES;
				SWIFT_VERSION = 5.0;
				TARGETED_DEVICE_FAMILY = "1,2";
			};
			name = Debug;
		};
		7BA0E0B72B9C5C0F0061744C /* Release */ = {
			isa = XCBuildConfiguration;
			buildSettings = {
				ASSETCATALOG_COMPILER_APPICON_NAME = AppIcon;
				ASSETCATALOG_COMPILER_GLOBAL_ACCENT_COLOR_NAME = AccentColor;
				CODE_SIGN_ENTITLEMENTS = "Wine Helper/Wine Helper.entitlements";
				CODE_SIGN_STYLE = Automatic;
				CURRENT_PROJECT_VERSION = 1;
				DEVELOPMENT_TEAM = SDD6GS4SZP;
				GENERATE_INFOPLIST_FILE = YES;
				INFOPLIST_FILE = "Wine Helper/Info.plist";
				INFOPLIST_KEY_UIApplicationSupportsIndirectInputEvents = YES;
				INFOPLIST_KEY_UILaunchStoryboardName = LaunchScreen;
				INFOPLIST_KEY_UISupportedInterfaceOrientations_iPad = "UIInterfaceOrientationPortrait UIInterfaceOrientationPortraitUpsideDown UIInterfaceOrientationLandscapeLeft UIInterfaceOrientationLandscapeRight";
				INFOPLIST_KEY_UISupportedInterfaceOrientations_iPhone = "UIInterfaceOrientationPortrait UIInterfaceOrientationLandscapeLeft UIInterfaceOrientationLandscapeRight";
				IPHONEOS_DEPLOYMENT_TARGET = 15.0;
				LD_RUNPATH_SEARCH_PATHS = (
					"$(inherited)",
					"@executable_path/Frameworks",
				);
				MARKETING_VERSION = 1.0;
				PRODUCT_BUNDLE_IDENTIFIER = "iseedeadpeopleq.Wine-Helper";
				PRODUCT_NAME = "$(TARGET_NAME)";
				SWIFT_EMIT_LOC_STRINGS = YES;
				SWIFT_VERSION = 5.0;
				TARGETED_DEVICE_FAMILY = "1,2";
			};
			name = Release;
		};
/* End XCBuildConfiguration section */

/* Begin XCConfigurationList section */
		7BA0E09C2B9C5C0D0061744C /* Build configuration list for PBXProject "Wine Helper" */ = {
			isa = XCConfigurationList;
			buildConfigurations = (
				7BA0E0B32B9C5C0F0061744C /* Debug */,
				7BA0E0B42B9C5C0F0061744C /* Release */,
			);
			defaultConfigurationIsVisible = 0;
			defaultConfigurationName = Release;
		};
		7BA0E0B52B9C5C0F0061744C /* Build configuration list for PBXNativeTarget "Wine Helper" */ = {
			isa = XCConfigurationList;
			buildConfigurations = (
				7BA0E0B62B9C5C0F0061744C /* Debug */,
				7BA0E0B72B9C5C0F0061744C /* Release */,
			);
			defaultConfigurationIsVisible = 0;
			defaultConfigurationName = Release;
		};
/* End XCConfigurationList section */

/* Begin XCRemoteSwiftPackageReference section */
		7B9C8B892BCA994E00391CE1 /* XCRemoteSwiftPackageReference "YandexMapsMobile" */ = {
			isa = XCRemoteSwiftPackageReference;
			repositoryURL = "https://github.com/c-villain/YandexMapsMobile.git";
			requirement = {
				kind = upToNextMajorVersion;
				minimumVersion = 4.5.1;
			};
		};
		849129F12BCA9E7500469E2C /* XCRemoteSwiftPackageReference "GoogleSignIn-iOS" */ = {
			isa = XCRemoteSwiftPackageReference;
			repositoryURL = "https://github.com/google/GoogleSignIn-iOS";
			requirement = {
				kind = upToNextMajorVersion;
				minimumVersion = 7.1.0;
			};
		};
		849C4C392BC2B2D300DC0F83 /* XCRemoteSwiftPackageReference "firebase-ios-sdk" */ = {
			isa = XCRemoteSwiftPackageReference;
			repositoryURL = "https://github.com/firebase/firebase-ios-sdk";
			requirement = {
				kind = upToNextMajorVersion;
				minimumVersion = 10.23.1;
			};
		};
		849C4C442BC2B3A100DC0F83 /* XCRemoteSwiftPackageReference "Alamofire" */ = {
			isa = XCRemoteSwiftPackageReference;
			repositoryURL = "https://github.com/Alamofire/Alamofire";
			requirement = {
				kind = upToNextMajorVersion;
				minimumVersion = 5.9.1;
			};
		};
/* End XCRemoteSwiftPackageReference section */

/* Begin XCSwiftPackageProductDependency section */
		7B9C8B8A2BCA994E00391CE1 /* YandexMapsMobile */ = {
			isa = XCSwiftPackageProductDependency;
			package = 7B9C8B892BCA994E00391CE1 /* XCRemoteSwiftPackageReference "YandexMapsMobile" */;
			productName = YandexMapsMobile;
		};
		849129F22BCA9E7500469E2C /* GoogleSignIn */ = {
			isa = XCSwiftPackageProductDependency;
			package = 849129F12BCA9E7500469E2C /* XCRemoteSwiftPackageReference "GoogleSignIn-iOS" */;
			productName = GoogleSignIn;
		};
		849129F42BCA9E7500469E2C /* GoogleSignInSwift */ = {
			isa = XCSwiftPackageProductDependency;
			package = 849129F12BCA9E7500469E2C /* XCRemoteSwiftPackageReference "GoogleSignIn-iOS" */;
			productName = GoogleSignInSwift;
		};
		849C4C3A2BC2B2D300DC0F83 /* FirebaseAnalytics */ = {
			isa = XCSwiftPackageProductDependency;
			package = 849C4C392BC2B2D300DC0F83 /* XCRemoteSwiftPackageReference "firebase-ios-sdk" */;
			productName = FirebaseAnalytics;
		};
		849C4C3C2BC2B2D300DC0F83 /* FirebaseAnalyticsOnDeviceConversion */ = {
			isa = XCSwiftPackageProductDependency;
			package = 849C4C392BC2B2D300DC0F83 /* XCRemoteSwiftPackageReference "firebase-ios-sdk" */;
			productName = FirebaseAnalyticsOnDeviceConversion;
		};
		849C4C3E2BC2B2D300DC0F83 /* FirebaseAnalyticsSwift */ = {
			isa = XCSwiftPackageProductDependency;
			package = 849C4C392BC2B2D300DC0F83 /* XCRemoteSwiftPackageReference "firebase-ios-sdk" */;
			productName = FirebaseAnalyticsSwift;
		};
		849C4C402BC2B2D300DC0F83 /* FirebaseAnalyticsWithoutAdIdSupport */ = {
			isa = XCSwiftPackageProductDependency;
			package = 849C4C392BC2B2D300DC0F83 /* XCRemoteSwiftPackageReference "firebase-ios-sdk" */;
			productName = FirebaseAnalyticsWithoutAdIdSupport;
		};
		849C4C422BC2B2D300DC0F83 /* FirebaseAppCheck */ = {
			isa = XCSwiftPackageProductDependency;
			package = 849C4C392BC2B2D300DC0F83 /* XCRemoteSwiftPackageReference "firebase-ios-sdk" */;
			productName = FirebaseAppCheck;
		};
		849C4C452BC2B3A100DC0F83 /* Alamofire */ = {
			isa = XCSwiftPackageProductDependency;
			package = 849C4C442BC2B3A100DC0F83 /* XCRemoteSwiftPackageReference "Alamofire" */;
			productName = Alamofire;
		};
		849C4C472BC2B3A100DC0F83 /* AlamofireDynamic */ = {
			isa = XCSwiftPackageProductDependency;
			package = 849C4C442BC2B3A100DC0F83 /* XCRemoteSwiftPackageReference "Alamofire" */;
			productName = AlamofireDynamic;
		};
		849C4C4A2BC2B41C00DC0F83 /* FirebaseAuth */ = {
			isa = XCSwiftPackageProductDependency;
			package = 849C4C392BC2B2D300DC0F83 /* XCRemoteSwiftPackageReference "firebase-ios-sdk" */;
			productName = FirebaseAuth;
		};
		849C4C4C2BC2B42100DC0F83 /* FirebaseFirestore */ = {
			isa = XCSwiftPackageProductDependency;
			package = 849C4C392BC2B2D300DC0F83 /* XCRemoteSwiftPackageReference "firebase-ios-sdk" */;
			productName = FirebaseFirestore;
		};
/* End XCSwiftPackageProductDependency section */
	};
	rootObject = 7BA0E0992B9C5C0D0061744C /* Project object */;
}
